{
  "nodes": {
    "base16-schemes": {
      "flake": false,
      "locked": {
        "lastModified": 1696158499,
        "narHash": "sha256-5yIHgDTPjoX/3oDEfLSQ0eJZdFL1SaCfb9d6M0RmOTM=",
        "owner": "tinted-theming",
        "repo": "base16-schemes",
        "rev": "a9112eaae86d9dd8ee6bb9445b664fba2f94037a",
        "type": "github"
      },
      "original": {
        "owner": "tinted-theming",
        "repo": "base16-schemes",
        "type": "github"
      }
    },
    "home-manager": {
      "inputs": {
        "nixpkgs": [
          "nixpkgs"
        ]
      },
      "locked": {
        "lastModified": 1709204054,
        "narHash": "sha256-U1idK0JHs1XOfSI1APYuXi4AEADf+B+ZU4Wifc0pBHk=",
        "owner": "nix-community",
        "repo": "home-manager",
        "rev": "2f3367769a93b226c467551315e9e270c3f78b15",
        "type": "github"
      },
      "original": {
        "owner": "nix-community",
        "ref": "master",
        "repo": "home-manager",
        "type": "github"
      }
    },
    "nix-colors": {
      "inputs": {
        "base16-schemes": "base16-schemes",
        "nixpkgs-lib": "nixpkgs-lib"
      },
      "locked": {
        "lastModified": 1707825078,
        "narHash": "sha256-hTfge2J2W+42SZ7VHXkf4kjU+qzFqPeC9k66jAUBMHk=",
        "owner": "misterio77",
        "repo": "nix-colors",
        "rev": "b01f024090d2c4fc3152cd0cf12027a7b8453ba1",
        "type": "github"
      },
      "original": {
        "owner": "misterio77",
        "repo": "nix-colors",
        "type": "github"
      }
    },
    "nix-filter": {
      "locked": {
        "lastModified": 1705332318,
        "narHash": "sha256-kcw1yFeJe9N4PjQji9ZeX47jg0p9A0DuU4djKvg1a7I=",
        "owner": "numtide",
        "repo": "nix-filter",
        "rev": "3449dc925982ad46246cfc36469baf66e1b64f17",
        "type": "github"
      },
      "original": {
        "owner": "numtide",
        "repo": "nix-filter",
        "type": "github"
      }
    },
    "nixos-shell": {
      "inputs": {
        "nixpkgs": "nixpkgs"
      },
      "locked": {
        "lastModified": 1698737528,
        "narHash": "sha256-65qiCQPFGCpdjcfQrO1EZKe+LFD0tzmlecFOACNwMbY=",
        "owner": "Mic92",
        "repo": "nixos-shell",
        "rev": "8a835e240adc32e68d6fc7ca5aaf3f597de08d5f",
        "type": "github"
      },
      "original": {
        "owner": "Mic92",
        "repo": "nixos-shell",
        "type": "github"
      }
    },
    "nixpkgs": {
      "locked": {
        "lastModified": 1628465643,
        "narHash": "sha256-QSNw9bDq9uGUniQQtakRuw4m21Jxugm23SXLVgEV4DM=",
        "owner": "NixOS",
        "repo": "nixpkgs",
        "rev": "6ef4f522d63f22b40004319778761040d3197390",
        "type": "github"
      },
      "original": {
        "id": "nixpkgs",
        "ref": "nixos-unstable",
        "type": "indirect"
      }
    },
    "nixpkgs-lib": {
      "locked": {
        "lastModified": 1697935651,
        "narHash": "sha256-qOfWjQ2JQSQL15KLh6D7xQhx0qgZlYZTYlcEiRuAMMw=",
        "owner": "nix-community",
        "repo": "nixpkgs.lib",
        "rev": "e1e11fdbb01113d85c7f41cada9d2847660e3902",
        "type": "github"
      },
      "original": {
        "owner": "nix-community",
        "repo": "nixpkgs.lib",
        "type": "github"
      }
    },
    "nixpkgs_2": {
      "locked": {
        "lastModified": 1709356872,
        "narHash": "sha256-mvxCirJbtkP0cZ6ABdwcgTk0u3bgLoIoEFIoYBvD6+4=",
        "owner": "nixos",
        "repo": "nixpkgs",
        "rev": "458b097d81f90275b3fdf03796f0563844926708",
        "type": "github"
      },
      "original": {
        "owner": "nixos",
        "ref": "nixpkgs-unstable",
        "repo": "nixpkgs",
        "type": "github"
      }
    },
    "root": {
      "inputs": {
        "home-manager": "home-manager",
        "nix-colors": "nix-colors",
        "nix-filter": "nix-filter",
        "nixos-shell": "nixos-shell",
        "nixpkgs": "nixpkgs_2",
        "systems": "systems"
      }
    },
    "systems": {
      "locked": {
        "lastModified": 1680978846,
        "narHash": "sha256-Gtqg8b/v49BFDpDetjclCYXm8mAnTrUzR0JnE2nv5aw=",
        "owner": "nix-systems",
        "repo": "x86_64-linux",
        "rev": "2ecfcac5e15790ba6ce360ceccddb15ad16d08a8",
        "type": "github"
      },
      "original": {
        "owner": "nix-systems",
        "repo": "x86_64-linux",
        "type": "github"
      }
    }
  },
  "root": "root",
  "version": 7
}
